// !$*UTF8*$!
{
	archiveVersion = 1;
	classes = {
	};
	objectVersion = 46;
	objects = {

/* Begin PBXBuildFile section */
		0297703F1CC46C88007AED05 /* EditViewController.swift in Sources */ = {isa = PBXBuildFile; fileRef = 0297703E1CC46C88007AED05 /* EditViewController.swift */; };
		7310B1C21CC428F0003EC4C7 /* SpecialDetailController.swift in Sources */ = {isa = PBXBuildFile; fileRef = 7310B1C11CC428F0003EC4C7 /* SpecialDetailController.swift */; };
		73212A331CCEAB6E007D5D32 /* SignInViewController.swift in Sources */ = {isa = PBXBuildFile; fileRef = 73212A321CCEAB6E007D5D32 /* SignInViewController.swift */; };
		7377DF591CC323B6002C69D6 /* CreateEventController.swift in Sources */ = {isa = PBXBuildFile; fileRef = 7377DF581CC323B6002C69D6 /* CreateEventController.swift */; };
		7377DF5F1CC3D254002C69D6 /* milestone2.xcdatamodeld in Sources */ = {isa = PBXBuildFile; fileRef = 7377DF5D1CC3D254002C69D6 /* milestone2.xcdatamodeld */; };
		7377DF631CC3EE94002C69D6 /* EventTableController.swift in Sources */ = {isa = PBXBuildFile; fileRef = 7377DF621CC3EE94002C69D6 /* EventTableController.swift */; };
		73BAD7051CB1EB56001D6213 /* AppDelegate.swift in Sources */ = {isa = PBXBuildFile; fileRef = 73BAD7041CB1EB56001D6213 /* AppDelegate.swift */; };
		73BAD7071CB1EB56001D6213 /* ViewController.swift in Sources */ = {isa = PBXBuildFile; fileRef = 73BAD7061CB1EB56001D6213 /* ViewController.swift */; };
		73BAD70A1CB1EB56001D6213 /* Main.storyboard in Resources */ = {isa = PBXBuildFile; fileRef = 73BAD7081CB1EB56001D6213 /* Main.storyboard */; };
		73BAD70C1CB1EB56001D6213 /* Assets.xcassets in Resources */ = {isa = PBXBuildFile; fileRef = 73BAD70B1CB1EB56001D6213 /* Assets.xcassets */; };
		73BAD70F1CB1EB56001D6213 /* LaunchScreen.storyboard in Resources */ = {isa = PBXBuildFile; fileRef = 73BAD70D1CB1EB56001D6213 /* LaunchScreen.storyboard */; };
		73BAD71A1CB1EB56001D6213 /* milestone1Tests.swift in Sources */ = {isa = PBXBuildFile; fileRef = 73BAD7191CB1EB56001D6213 /* milestone1Tests.swift */; };
		73BAD7251CB1EB56001D6213 /* milestone1UITests.swift in Sources */ = {isa = PBXBuildFile; fileRef = 73BAD7241CB1EB56001D6213 /* milestone1UITests.swift */; };
/* End PBXBuildFile section */

/* Begin PBXContainerItemProxy section */
		73BAD7161CB1EB56001D6213 /* PBXContainerItemProxy */ = {
			isa = PBXContainerItemProxy;
			containerPortal = 73BAD6F91CB1EB56001D6213 /* Project object */;
			proxyType = 1;
			remoteGlobalIDString = 73BAD7001CB1EB56001D6213;
			remoteInfo = milestone1;
		};
		73BAD7211CB1EB56001D6213 /* PBXContainerItemProxy */ = {
			isa = PBXContainerItemProxy;
			containerPortal = 73BAD6F91CB1EB56001D6213 /* Project object */;
			proxyType = 1;
			remoteGlobalIDString = 73BAD7001CB1EB56001D6213;
			remoteInfo = milestone1;
		};
/* End PBXContainerItemProxy section */

/* Begin PBXFileReference section */
		0297703E1CC46C88007AED05 /* EditViewController.swift */ = {isa = PBXFileReference; fileEncoding = 4; lastKnownFileType = sourcecode.swift; path = EditViewController.swift; sourceTree = "<group>"; };
		7310B1C11CC428F0003EC4C7 /* SpecialDetailController.swift */ = {isa = PBXFileReference; fileEncoding = 4; lastKnownFileType = sourcecode.swift; name = SpecialDetailController.swift; path = ../SpecialDetailController.swift; sourceTree = "<group>"; };
		73212A321CCEAB6E007D5D32 /* SignInViewController.swift */ = {isa = PBXFileReference; fileEncoding = 4; lastKnownFileType = sourcecode.swift; path = SignInViewController.swift; sourceTree = "<group>"; };
		7377DF581CC323B6002C69D6 /* CreateEventController.swift */ = {isa = PBXFileReference; fileEncoding = 4; lastKnownFileType = sourcecode.swift; path = CreateEventController.swift; sourceTree = "<group>"; };
		7377DF5E1CC3D254002C69D6 /* milestone2.xcdatamodel */ = {isa = PBXFileReference; lastKnownFileType = wrapper.xcdatamodel; path = milestone2.xcdatamodel; sourceTree = "<group>"; };
		7377DF621CC3EE94002C69D6 /* EventTableController.swift */ = {isa = PBXFileReference; fileEncoding = 4; lastKnownFileType = sourcecode.swift; path = EventTableController.swift; sourceTree = "<group>"; };
		73BAD7011CB1EB56001D6213 /* milestone1.app */ = {isa = PBXFileReference; explicitFileType = wrapper.application; includeInIndex = 0; path = milestone1.app; sourceTree = BUILT_PRODUCTS_DIR; };
		73BAD7041CB1EB56001D6213 /* AppDelegate.swift */ = {isa = PBXFileReference; lastKnownFileType = sourcecode.swift; path = AppDelegate.swift; sourceTree = "<group>"; };
		73BAD7061CB1EB56001D6213 /* ViewController.swift */ = {isa = PBXFileReference; lastKnownFileType = sourcecode.swift; path = ViewController.swift; sourceTree = "<group>"; };
		73BAD7091CB1EB56001D6213 /* Base */ = {isa = PBXFileReference; lastKnownFileType = file.storyboard; name = Base; path = Base.lproj/Main.storyboard; sourceTree = "<group>"; };
		73BAD70B1CB1EB56001D6213 /* Assets.xcassets */ = {isa = PBXFileReference; lastKnownFileType = folder.assetcatalog; path = Assets.xcassets; sourceTree = "<group>"; };
		73BAD70E1CB1EB56001D6213 /* Base */ = {isa = PBXFileReference; lastKnownFileType = file.storyboard; name = Base; path = Base.lproj/LaunchScreen.storyboard; sourceTree = "<group>"; };
		73BAD7101CB1EB56001D6213 /* Info.plist */ = {isa = PBXFileReference; lastKnownFileType = text.plist.xml; path = Info.plist; sourceTree = "<group>"; };
		73BAD7151CB1EB56001D6213 /* milestone1Tests.xctest */ = {isa = PBXFileReference; explicitFileType = wrapper.cfbundle; includeInIndex = 0; path = milestone1Tests.xctest; sourceTree = BUILT_PRODUCTS_DIR; };
		73BAD7191CB1EB56001D6213 /* milestone1Tests.swift */ = {isa = PBXFileReference; lastKnownFileType = sourcecode.swift; path = milestone1Tests.swift; sourceTree = "<group>"; };
		73BAD71B1CB1EB56001D6213 /* Info.plist */ = {isa = PBXFileReference; lastKnownFileType = text.plist.xml; path = Info.plist; sourceTree = "<group>"; };
		73BAD7201CB1EB56001D6213 /* milestone1UITests.xctest */ = {isa = PBXFileReference; explicitFileType = wrapper.cfbundle; includeInIndex = 0; path = milestone1UITests.xctest; sourceTree = BUILT_PRODUCTS_DIR; };
		73BAD7241CB1EB56001D6213 /* milestone1UITests.swift */ = {isa = PBXFileReference; lastKnownFileType = sourcecode.swift; path = milestone1UITests.swift; sourceTree = "<group>"; };
		73BAD7261CB1EB56001D6213 /* Info.plist */ = {isa = PBXFileReference; lastKnownFileType = text.plist.xml; path = Info.plist; sourceTree = "<group>"; };
/* End PBXFileReference section */

/* Begin PBXFrameworksBuildPhase section */
		73BAD6FE1CB1EB56001D6213 /* Frameworks */ = {
			isa = PBXFrameworksBuildPhase;
			buildActionMask = 2147483647;
			files = (
			);
			runOnlyForDeploymentPostprocessing = 0;
		};
		73BAD7121CB1EB56001D6213 /* Frameworks */ = {
			isa = PBXFrameworksBuildPhase;
			buildActionMask = 2147483647;
			files = (
			);
			runOnlyForDeploymentPostprocessing = 0;
		};
		73BAD71D1CB1EB56001D6213 /* Frameworks */ = {
			isa = PBXFrameworksBuildPhase;
			buildActionMask = 2147483647;
			files = (
			);
			runOnlyForDeploymentPostprocessing = 0;
		};
/* End PBXFrameworksBuildPhase section */

/* Begin PBXGroup section */
		73BAD6F81CB1EB56001D6213 = {
			isa = PBXGroup;
			children = (
				73BAD7031CB1EB56001D6213 /* milestone1 */,
				73BAD7181CB1EB56001D6213 /* milestone1Tests */,
				73BAD7231CB1EB56001D6213 /* milestone1UITests */,
				73BAD7021CB1EB56001D6213 /* Products */,
			);
			sourceTree = "<group>";
		};
		73BAD7021CB1EB56001D6213 /* Products */ = {
			isa = PBXGroup;
			children = (
				73BAD7011CB1EB56001D6213 /* milestone1.app */,
				73BAD7151CB1EB56001D6213 /* milestone1Tests.xctest */,
				73BAD7201CB1EB56001D6213 /* milestone1UITests.xctest */,
			);
			name = Products;
			sourceTree = "<group>";
		};
		73BAD7031CB1EB56001D6213 /* milestone1 */ = {
			isa = PBXGroup;
			children = (
				73BAD7041CB1EB56001D6213 /* AppDelegate.swift */,
				73BAD7061CB1EB56001D6213 /* ViewController.swift */,
				73BAD7081CB1EB56001D6213 /* Main.storyboard */,
				0297703E1CC46C88007AED05 /* EditViewController.swift */,
				73BAD70B1CB1EB56001D6213 /* Assets.xcassets */,
				73BAD70D1CB1EB56001D6213 /* LaunchScreen.storyboard */,
				7310B1C11CC428F0003EC4C7 /* SpecialDetailController.swift */,
				73BAD7101CB1EB56001D6213 /* Info.plist */,
				7377DF581CC323B6002C69D6 /* CreateEventController.swift */,
				7377DF5D1CC3D254002C69D6 /* milestone2.xcdatamodeld */,
				7377DF621CC3EE94002C69D6 /* EventTableController.swift */,
				73212A321CCEAB6E007D5D32 /* SignInViewController.swift */,
			);
			path = milestone1;
			sourceTree = "<group>";
		};
		73BAD7181CB1EB56001D6213 /* milestone1Tests */ = {
			isa = PBXGroup;
			children = (
				73BAD7191CB1EB56001D6213 /* milestone1Tests.swift */,
				73BAD71B1CB1EB56001D6213 /* Info.plist */,
			);
			path = milestone1Tests;
			sourceTree = "<group>";
		};
		73BAD7231CB1EB56001D6213 /* milestone1UITests */ = {
			isa = PBXGroup;
			children = (
				73BAD7241CB1EB56001D6213 /* milestone1UITests.swift */,
				73BAD7261CB1EB56001D6213 /* Info.plist */,
			);
			path = milestone1UITests;
			sourceTree = "<group>";
		};
/* End PBXGroup section */

/* Begin PBXNativeTarget section */
		73BAD7001CB1EB56001D6213 /* milestone1 */ = {
			isa = PBXNativeTarget;
			buildConfigurationList = 73BAD7291CB1EB56001D6213 /* Build configuration list for PBXNativeTarget "milestone1" */;
			buildPhases = (
				73BAD6FD1CB1EB56001D6213 /* Sources */,
				73BAD6FE1CB1EB56001D6213 /* Frameworks */,
				73BAD6FF1CB1EB56001D6213 /* Resources */,
			);
			buildRules = (
			);
			dependencies = (
			);
			name = milestone1;
			productName = milestone1;
			productReference = 73BAD7011CB1EB56001D6213 /* milestone1.app */;
			productType = "com.apple.product-type.application";
		};
		73BAD7141CB1EB56001D6213 /* milestone1Tests */ = {
			isa = PBXNativeTarget;
			buildConfigurationList = 73BAD72C1CB1EB56001D6213 /* Build configuration list for PBXNativeTarget "milestone1Tests" */;
			buildPhases = (
				73BAD7111CB1EB56001D6213 /* Sources */,
				73BAD7121CB1EB56001D6213 /* Frameworks */,
				73BAD7131CB1EB56001D6213 /* Resources */,
			);
			buildRules = (
			);
			dependencies = (
				73BAD7171CB1EB56001D6213 /* PBXTargetDependency */,
			);
			name = milestone1Tests;
			productName = milestone1Tests;
			productReference = 73BAD7151CB1EB56001D6213 /* milestone1Tests.xctest */;
			productType = "com.apple.product-type.bundle.unit-test";
		};
		73BAD71F1CB1EB56001D6213 /* milestone1UITests */ = {
			isa = PBXNativeTarget;
			buildConfigurationList = 73BAD72F1CB1EB56001D6213 /* Build configuration list for PBXNativeTarget "milestone1UITests" */;
			buildPhases = (
				73BAD71C1CB1EB56001D6213 /* Sources */,
				73BAD71D1CB1EB56001D6213 /* Frameworks */,
				73BAD71E1CB1EB56001D6213 /* Resources */,
			);
			buildRules = (
			);
			dependencies = (
				73BAD7221CB1EB56001D6213 /* PBXTargetDependency */,
			);
			name = milestone1UITests;
			productName = milestone1UITests;
			productReference = 73BAD7201CB1EB56001D6213 /* milestone1UITests.xctest */;
			productType = "com.apple.product-type.bundle.ui-testing";
		};
/* End PBXNativeTarget section */

/* Begin PBXProject section */
		73BAD6F91CB1EB56001D6213 /* Project object */ = {
			isa = PBXProject;
			attributes = {
				LastSwiftUpdateCheck = 0720;
				LastUpgradeCheck = 0720;
				ORGANIZATIONNAME = "Ryan Aubrey";
				TargetAttributes = {
					73BAD7001CB1EB56001D6213 = {
						CreatedOnToolsVersion = 7.2.1;
						DevelopmentTeam = ZRKYA4P644;
					};
					73BAD7141CB1EB56001D6213 = {
						CreatedOnToolsVersion = 7.2.1;
						DevelopmentTeam = 283N5Y3P7W;
						TestTargetID = 73BAD7001CB1EB56001D6213;
					};
					73BAD71F1CB1EB56001D6213 = {
						CreatedOnToolsVersion = 7.2.1;
						DevelopmentTeam = 283N5Y3P7W;
						TestTargetID = 73BAD7001CB1EB56001D6213;
					};
				};
			};
			buildConfigurationList = 73BAD6FC1CB1EB56001D6213 /* Build configuration list for PBXProject "milestone1" */;
			compatibilityVersion = "Xcode 3.2";
			developmentRegion = English;
			hasScannedForEncodings = 0;
			knownRegions = (
				en,
				Base,
			);
			mainGroup = 73BAD6F81CB1EB56001D6213;
			productRefGroup = 73BAD7021CB1EB56001D6213 /* Products */;
			projectDirPath = "";
			projectRoot = "";
			targets = (
				73BAD7001CB1EB56001D6213 /* milestone1 */,
				73BAD7141CB1EB56001D6213 /* milestone1Tests */,
				73BAD71F1CB1EB56001D6213 /* milestone1UITests */,
			);
		};
/* End PBXProject section */

/* Begin PBXResourcesBuildPhase section */
		73BAD6FF1CB1EB56001D6213 /* Resources */ = {
			isa = PBXResourcesBuildPhase;
			buildActionMask = 2147483647;
			files = (
				73BAD70F1CB1EB56001D6213 /* LaunchScreen.storyboard in Resources */,
				73BAD70C1CB1EB56001D6213 /* Assets.xcassets in Resources */,
				73BAD70A1CB1EB56001D6213 /* Main.storyboard in Resources */,
			);
			runOnlyForDeploymentPostprocessing = 0;
		};
		73BAD7131CB1EB56001D6213 /* Resources */ = {
			isa = PBXResourcesBuildPhase;
			buildActionMask = 2147483647;
			files = (
			);
			runOnlyForDeploymentPostprocessing = 0;
		};
		73BAD71E1CB1EB56001D6213 /* Resources */ = {
			isa = PBXResourcesBuildPhase;
			buildActionMask = 2147483647;
			files = (
			);
			runOnlyForDeploymentPostprocessing = 0;
		};
/* End PBXResourcesBuildPhase section */

/* Begin PBXSourcesBuildPhase section */
		73BAD6FD1CB1EB56001D6213 /* Sources */ = {
			isa = PBXSourcesBuildPhase;
			buildActionMask = 2147483647;
			files = (
				7310B1C21CC428F0003EC4C7 /* SpecialDetailController.swift in Sources */,
				73BAD7071CB1EB56001D6213 /* ViewController.swift in Sources */,
				7377DF631CC3EE94002C69D6 /* EventTableController.swift in Sources */,
				7377DF591CC323B6002C69D6 /* CreateEventController.swift in Sources */,
				73212A331CCEAB6E007D5D32 /* SignInViewController.swift in Sources */,
				73BAD7051CB1EB56001D6213 /* AppDelegate.swift in Sources */,
				7377DF5F1CC3D254002C69D6 /* milestone2.xcdatamodeld in Sources */,
				0297703F1CC46C88007AED05 /* EditViewController.swift in Sources */,
			);
			runOnlyForDeploymentPostprocessing = 0;
		};
		73BAD7111CB1EB56001D6213 /* Sources */ = {
			isa = PBXSourcesBuildPhase;
			buildActionMask = 2147483647;
			files = (
				73BAD71A1CB1EB56001D6213 /* milestone1Tests.swift in Sources */,
			);
			runOnlyForDeploymentPostprocessing = 0;
		};
		73BAD71C1CB1EB56001D6213 /* Sources */ = {
			isa = PBXSourcesBuildPhase;
			buildActionMask = 2147483647;
			files = (
				73BAD7251CB1EB56001D6213 /* milestone1UITests.swift in Sources */,
			);
			runOnlyForDeploymentPostprocessing = 0;
		};
/* End PBXSourcesBuildPhase section */

/* Begin PBXTargetDependency section */
		73BAD7171CB1EB56001D6213 /* PBXTargetDependency */ = {
			isa = PBXTargetDependency;
			target = 73BAD7001CB1EB56001D6213 /* milestone1 */;
			targetProxy = 73BAD7161CB1EB56001D6213 /* PBXContainerItemProxy */;
		};
		73BAD7221CB1EB56001D6213 /* PBXTargetDependency */ = {
			isa = PBXTargetDependency;
			target = 73BAD7001CB1EB56001D6213 /* milestone1 */;
			targetProxy = 73BAD7211CB1EB56001D6213 /* PBXContainerItemProxy */;
		};
/* End PBXTargetDependency section */

/* Begin PBXVariantGroup section */
		73BAD7081CB1EB56001D6213 /* Main.storyboard */ = {
			isa = PBXVariantGroup;
			children = (
				73BAD7091CB1EB56001D6213 /* Base */,
			);
			name = Main.storyboard;
			sourceTree = "<group>";
		};
		73BAD70D1CB1EB56001D6213 /* LaunchScreen.storyboard */ = {
			isa = PBXVariantGroup;
			children = (
				73BAD70E1CB1EB56001D6213 /* Base */,
			);
			name = LaunchScreen.storyboard;
			sourceTree = "<group>";
		};
/* End PBXVariantGroup section */

/* Begin XCBuildConfiguration section */
		73BAD7271CB1EB56001D6213 /* Debug */ = {
			isa = XCBuildConfiguration;
			buildSettings = {
				ALWAYS_SEARCH_USER_PATHS = NO;
				CLANG_CXX_LANGUAGE_STANDARD = "gnu++0x";
				CLANG_CXX_LIBRARY = "libc++";
				CLANG_ENABLE_MODULES = YES;
				CLANG_ENABLE_OBJC_ARC = YES;
				CLANG_WARN_BOOL_CONVERSION = YES;
				CLANG_WARN_CONSTANT_CONVERSION = YES;
				CLANG_WARN_DIRECT_OBJC_ISA_USAGE = YES_ERROR;
				CLANG_WARN_EMPTY_BODY = YES;
				CLANG_WARN_ENUM_CONVERSION = YES;
				CLANG_WARN_INT_CONVERSION = YES;
				CLANG_WARN_OBJC_ROOT_CLASS = YES_ERROR;
				CLANG_WARN_UNREACHABLE_CODE = YES;
				CLANG_WARN__DUPLICATE_METHOD_MATCH = YES;
				"CODE_SIGN_IDENTITY[sdk=iphoneos*]" = "iPhone Developer";
				COPY_PHASE_STRIP = NO;
				DEBUG_INFORMATION_FORMAT = dwarf;
				ENABLE_STRICT_OBJC_MSGSEND = YES;
				ENABLE_TESTABILITY = YES;
				GCC_C_LANGUAGE_STANDARD = gnu99;
				GCC_DYNAMIC_NO_PIC = NO;
				GCC_NO_COMMON_BLOCKS = YES;
				GCC_OPTIMIZATION_LEVEL = 0;
				GCC_PREPROCESSOR_DEFINITIONS = (
					"DEBUG=1",
					"$(inherited)",
				);
				GCC_WARN_64_TO_32_BIT_CONVERSION = YES;
				GCC_WARN_ABOUT_RETURN_TYPE = YES_ERROR;
				GCC_WARN_UNDECLARED_SELECTOR = YES;
				GCC_WARN_UNINITIALIZED_AUTOS = YES_AGGRESSIVE;
				GCC_WARN_UNUSED_FUNCTION = YES;
				GCC_WARN_UNUSED_VARIABLE = YES;
				IPHONEOS_DEPLOYMENT_TARGET = 9.2;
				MTL_ENABLE_DEBUG_INFO = YES;
				ONLY_ACTIVE_ARCH = YES;
				SDKROOT = iphoneos;
				SWIFT_OPTIMIZATION_LEVEL = "-Onone";
				TARGETED_DEVICE_FAMILY = "1,2";
			};
			name = Debug;
		};
		73BAD7281CB1EB56001D6213 /* Release */ = {
			isa = XCBuildConfiguration;
			buildSettings = {
				ALWAYS_SEARCH_USER_PATHS = NO;
				CLANG_CXX_LANGUAGE_STANDARD = "gnu++0x";
				CLANG_CXX_LIBRARY = "libc++";
				CLANG_ENABLE_MODULES = YES;
				CLANG_ENABLE_OBJC_ARC = YES;
				CLANG_WARN_BOOL_CONVERSION = YES;
				CLANG_WARN_CONSTANT_CONVERSION = YES;
				CLANG_WARN_DIRECT_OBJC_ISA_USAGE = YES_ERROR;
				CLANG_WARN_EMPTY_BODY = YES;
				CLANG_WARN_ENUM_CONVERSION = YES;
				CLANG_WARN_INT_CONVERSION = YES;
				CLANG_WARN_OBJC_ROOT_CLASS = YES_ERROR;
				CLANG_WARN_UNREACHABLE_CODE = YES;
				CLANG_WARN__DUPLICATE_METHOD_MATCH = YES;
				"CODE_SIGN_IDENTITY[sdk=iphoneos*]" = "iPhone Developer";
				COPY_PHASE_STRIP = NO;
				DEBUG_INFORMATION_FORMAT = "dwarf-with-dsym";
				ENABLE_NS_ASSERTIONS = NO;
				ENABLE_STRICT_OBJC_MSGSEND = YES;
				GCC_C_LANGUAGE_STANDARD = gnu99;
				GCC_NO_COMMON_BLOCKS = YES;
				GCC_WARN_64_TO_32_BIT_CONVERSION = YES;
				GCC_WARN_ABOUT_RETURN_TYPE = YES_ERROR;
				GCC_WARN_UNDECLARED_SELECTOR = YES;
				GCC_WARN_UNINITIALIZED_AUTOS = YES_AGGRESSIVE;
				GCC_WARN_UNUSED_FUNCTION = YES;
				GCC_WARN_UNUSED_VARIABLE = YES;
				IPHONEOS_DEPLOYMENT_TARGET = 9.2;
				MTL_ENABLE_DEBUG_INFO = NO;
				SDKROOT = iphoneos;
				TARGETED_DEVICE_FAMILY = "1,2";
				VALIDATE_PRODUCT = YES;
			};
			name = Release;
		};
		73BAD72A1CB1EB56001D6213 /* Debug */ = {
			isa = XCBuildConfiguration;
			buildSettings = {
				ASSETCATALOG_COMPILER_APPICON_NAME = AppIcon;
				CODE_SIGN_IDENTITY = "iPhone Developer";
				"CODE_SIGN_IDENTITY[sdk=iphoneos*]" = "iPhone Developer";
				INFOPLIST_FILE = milestone1/Info.plist;
				LD_RUNPATH_SEARCH_PATHS = "$(inherited) @executable_path/Frameworks";
				PRODUCT_BUNDLE_IDENTIFIER = com.uva.milestone1;
				PRODUCT_NAME = "$(TARGET_NAME)";
				PROVISIONING_PROFILE = "";
			};
			name = Debug;
		};
		73BAD72B1CB1EB56001D6213 /* Release */ = {
			isa = XCBuildConfiguration;
			buildSettings = {
				ASSETCATALOG_COMPILER_APPICON_NAME = AppIcon;
				CODE_SIGN_IDENTITY = "iPhone Developer";
				"CODE_SIGN_IDENTITY[sdk=iphoneos*]" = "iPhone Developer";
				INFOPLIST_FILE = milestone1/Info.plist;
				LD_RUNPATH_SEARCH_PATHS = "$(inherited) @executable_path/Frameworks";
				PRODUCT_BUNDLE_IDENTIFIER = com.uva.milestone1;
				PRODUCT_NAME = "$(TARGET_NAME)";
				PROVISIONING_PROFILE = "";
			};
			name = Release;
		};
		73BAD72D1CB1EB56001D6213 /* Debug */ = {
			isa = XCBuildConfiguration;
			buildSettings = {
				BUNDLE_LOADER = "$(TEST_HOST)";
				INFOPLIST_FILE = milestone1Tests/Info.plist;
				LD_RUNPATH_SEARCH_PATHS = "$(inherited) @executable_path/Frameworks @loader_path/Frameworks";
				PRODUCT_BUNDLE_IDENTIFIER = com.uva.milestone1Tests;
				PRODUCT_NAME = "$(TARGET_NAME)";
				TEST_HOST = "$(BUILT_PRODUCTS_DIR)/milestone1.app/milestone1";
			};
			name = Debug;
		};
		73BAD72E1CB1EB56001D6213 /* Release */ = {
			isa = XCBuildConfiguration;
			buildSettings = {
				BUNDLE_LOADER = "$(TEST_HOST)";
				INFOPLIST_FILE = milestone1Tests/Info.plist;
				LD_RUNPATH_SEARCH_PATHS = "$(inherited) @executable_path/Frameworks @loader_path/Frameworks";
				PRODUCT_BUNDLE_IDENTIFIER = com.uva.milestone1Tests;
				PRODUCT_NAME = "$(TARGET_NAME)";
				TEST_HOST = "$(BUILT_PRODUCTS_DIR)/milestone1.app/milestone1";
			};
			name = Release;
		};
		73BAD7301CB1EB56001D6213 /* Debug */ = {
			isa = XCBuildConfiguration;
			buildSettings = {
				INFOPLIST_FILE = milestone1UITests/Info.plist;
				LD_RUNPATH_SEARCH_PATHS = "$(inherited) @executable_path/Frameworks @loader_path/Frameworks";
				PRODUCT_BUNDLE_IDENTIFIER = com.uva.milestone1UITests;
				PRODUCT_NAME = "$(TARGET_NAME)";
				TEST_TARGET_NAME = milestone1;
				USES_XCTRUNNER = YES;
			};
			name = Debug;
		};
		73BAD7311CB1EB56001D6213 /* Release */ = {
			isa = XCBuildConfiguration;
			buildSettings = {
				INFOPLIST_FILE = milestone1UITests/Info.plist;
				LD_RUNPATH_SEARCH_PATHS = "$(inherited) @executable_path/Frameworks @loader_path/Frameworks";
				PRODUCT_BUNDLE_IDENTIFIER = com.uva.milestone1UITests;
				PRODUCT_NAME = "$(TARGET_NAME)";
				TEST_TARGET_NAME = milestone1;
				USES_XCTRUNNER = YES;
			};
			name = Release;
		};
/* End XCBuildConfiguration section */

/* Begin XCConfigurationList section */
		73BAD6FC1CB1EB56001D6213 /* Build configuration list for PBXProject "milestone1" */ = {
			isa = XCConfigurationList;
			buildConfigurations = (
				73BAD7271CB1EB56001D6213 /* Debug */,
				73BAD7281CB1EB56001D6213 /* Release */,
			);
			defaultConfigurationIsVisible = 0;
			defaultConfigurationName = Release;
		};
		73BAD7291CB1EB56001D6213 /* Build configuration list for PBXNativeTarget "milestone1" */ = {
			isa = XCConfigurationList;
			buildConfigurations = (
				73BAD72A1CB1EB56001D6213 /* Debug */,
				73BAD72B1CB1EB56001D6213 /* Release */,
			);
			defaultConfigurationIsVisible = 0;
			defaultConfigurationName = Release;
		};
		73BAD72C1CB1EB56001D6213 /* Build configuration list for PBXNativeTarget "milestone1Tests" */ = {
			isa = XCConfigurationList;
			buildConfigurations = (
				73BAD72D1CB1EB56001D6213 /* Debug */,
				73BAD72E1CB1EB56001D6213 /* Release */,
			);
			defaultConfigurationIsVisible = 0;
			defaultConfigurationName = Release;
		};
		73BAD72F1CB1EB56001D6213 /* Build configuration list for PBXNativeTarget "milestone1UITests" */ = {
			isa = XCConfigurationList;
			buildConfigurations = (
				73BAD7301CB1EB56001D6213 /* Debug */,
				73BAD7311CB1EB56001D6213 /* Release */,
			);
			defaultConfigurationIsVisible = 0;
			defaultConfigurationName = Release;
		};
/* End XCConfigurationList section */

/* Begin XCVersionGroup section */
		7377DF5D1CC3D254002C69D6 /* milestone2.xcdatamodeld */ = {
			isa = XCVersionGroup;
			children = (
				7377DF5E1CC3D254002C69D6 /* milestone2.xcdatamodel */,
			);
			currentVersion = 7377DF5E1CC3D254002C69D6 /* milestone2.xcdatamodel */;
			path = milestone2.xcdatamodeld;
			sourceTree = "<group>";
			versionGroupType = wrapper.xcdatamodel;
		};
/* End XCVersionGroup section */
	};
	rootObject = 73BAD6F91CB1EB56001D6213 /* Project object */;
}
